Microsoft Visual Studio Solution File, Format Version 12.00
# Visual Studio 2012
Project("{FAE04EC0-301F-11D3-BF4B-00C04F79EFBC}") = "OffWorld", "OffWorld\OffWorld.csproj", "{84562A2C-D862-463D-889F-3E70DC1BE170}"
EndProject
Project("{FAE04EC0-301F-11D3-BF4B-00C04F79EFBC}") = "OffWorld.Core", "OffWorld.Core\OffWorld.Core.csproj", "{AD83E7F3-6F30-4007-AE6A-A68DEE17F08F}"
EndProject
Global
	GlobalSection(SolutionConfigurationPlatforms) = preSolution
	Debug|Any CPU = Debug|Any CPU
	ExportDebug|Any CPU = ExportDebug|Any CPU
	ExportRelease|Any CPU = ExportRelease|Any CPU
	EndGlobalSection
	GlobalSection(ProjectConfigurationPlatforms) = postSolution
		{84562A2C-D862-463D-889F-3E70DC1BE170}.Debug|Any CPU.ActiveCfg = Debug|Any CPU
		{84562A2C-D862-463D-889F-3E70DC1BE170}.Debug|Any CPU.Build.0 = Debug|Any CPU
		{84562A2C-D862-463D-889F-3E70DC1BE170}.ExportDebug|Any CPU.ActiveCfg = ExportDebug|Any CPU
		{84562A2C-D862-463D-889F-3E70DC1BE170}.ExportDebug|Any CPU.Build.0 = ExportDebug|Any CPU
		{84562A2C-D862-463D-889F-3E70DC1BE170}.ExportRelease|Any CPU.ActiveCfg = ExportRelease|Any CPU
		{84562A2C-D862-463D-889F-3E70DC1BE170}.ExportRelease|Any CPU.Build.0 = ExportRelease|Any CPU
		{AD83E7F3-6F30-4007-AE6A-A68DEE17F08F}.Debug|Any CPU.ActiveCfg = Debug|Any CPU
		{AD83E7F3-6F30-4007-AE6A-A68DEE17F08F}.Debug|Any CPU.Build.0 = Debug|Any CPU
		{AD83E7F3-6F30-4007-AE6A-A68DEE17F08F}.ExportDebug|Any CPU.ActiveCfg = Debug|Any CPU
		{AD83E7F3-6F30-4007-AE6A-A68DEE17F08F}.ExportDebug|Any CPU.Build.0 = Debug|Any CPU
		{AD83E7F3-6F30-4007-AE6A-A68DEE17F08F}.ExportRelease|Any CPU.ActiveCfg = Debug|Any CPU
		{AD83E7F3-6F30-4007-AE6A-A68DEE17F08F}.ExportRelease|Any CPU.Build.0 = Debug|Any CPU
	EndGlobalSection
EndGlobal
